// !$*UTF8*$!
{
	archiveVersion = 1;
	classes = {
	};
	objectVersion = 50;
	objects = {

/* Begin PBXBuildFile section */
		D87D8EA623DD53E4002868C6 /* AppDelegate.swift in Sources */ = {isa = PBXBuildFile; fileRef = D87D8EA523DD53E4002868C6 /* AppDelegate.swift */; };
		D87D8EA823DD53E4002868C6 /* SceneDelegate.swift in Sources */ = {isa = PBXBuildFile; fileRef = D87D8EA723DD53E4002868C6 /* SceneDelegate.swift */; };
		D87D8EAA23DD53E4002868C6 /* ViewController.swift in Sources */ = {isa = PBXBuildFile; fileRef = D87D8EA923DD53E4002868C6 /* ViewController.swift */; };
		D87D8EAD23DD53E4002868C6 /* Main.storyboard in Resources */ = {isa = PBXBuildFile; fileRef = D87D8EAB23DD53E4002868C6 /* Main.storyboard */; };
		D87D8EB023DD53E4002868C6 /* PlistTextapp.xcdatamodeld in Sources */ = {isa = PBXBuildFile; fileRef = D87D8EAE23DD53E4002868C6 /* PlistTextapp.xcdatamodeld */; };
		D87D8EB223DD53E8002868C6 /* Assets.xcassets in Resources */ = {isa = PBXBuildFile; fileRef = D87D8EB123DD53E8002868C6 /* Assets.xcassets */; };
		D87D8EB523DD53E8002868C6 /* LaunchScreen.storyboard in Resources */ = {isa = PBXBuildFile; fileRef = D87D8EB323DD53E8002868C6 /* LaunchScreen.storyboard */; };
		D87D8EC023DD53E8002868C6 /* PlistTextappTests.swift in Sources */ = {isa = PBXBuildFile; fileRef = D87D8EBF23DD53E8002868C6 /* PlistTextappTests.swift */; };
		D87D8ECB23DD53E8002868C6 /* PlistTextappUITests.swift in Sources */ = {isa = PBXBuildFile; fileRef = D87D8ECA23DD53E8002868C6 /* PlistTextappUITests.swift */; };
		D87D8ED923DD546E002868C6 /* mondai.plist in Resources */ = {isa = PBXBuildFile; fileRef = D87D8ED823DD546E002868C6 /* mondai.plist */; };
		D87D8EDD23DD5893002868C6 /* MondaiPlistCodable.swift in Sources */ = {isa = PBXBuildFile; fileRef = D87D8EDC23DD5893002868C6 /* MondaiPlistCodable.swift */; };
/* End PBXBuildFile section */

/* Begin PBXContainerItemProxy section */
		D87D8EBC23DD53E8002868C6 /* PBXContainerItemProxy */ = {
			isa = PBXContainerItemProxy;
			containerPortal = D87D8E9A23DD53E4002868C6 /* Project object */;
			proxyType = 1;
			remoteGlobalIDString = D87D8EA123DD53E4002868C6;
			remoteInfo = PlistTextapp;
		};
		D87D8EC723DD53E8002868C6 /* PBXContainerItemProxy */ = {
			isa = PBXContainerItemProxy;
			containerPortal = D87D8E9A23DD53E4002868C6 /* Project object */;
			proxyType = 1;
			remoteGlobalIDString = D87D8EA123DD53E4002868C6;
			remoteInfo = PlistTextapp;
		};
/* End PBXContainerItemProxy section */

/* Begin PBXFileReference section */
		D87D8EA223DD53E4002868C6 /* PlistTextapp.app */ = {isa = PBXFileReference; explicitFileType = wrapper.application; includeInIndex = 0; path = PlistTextapp.app; sourceTree = BUILT_PRODUCTS_DIR; };
		D87D8EA523DD53E4002868C6 /* AppDelegate.swift */ = {isa = PBXFileReference; lastKnownFileType = sourcecode.swift; path = AppDelegate.swift; sourceTree = "<group>"; };
		D87D8EA723DD53E4002868C6 /* SceneDelegate.swift */ = {isa = PBXFileReference; lastKnownFileType = sourcecode.swift; path = SceneDelegate.swift; sourceTree = "<group>"; };
		D87D8EA923DD53E4002868C6 /* ViewController.swift */ = {isa = PBXFileReference; lastKnownFileType = sourcecode.swift; path = ViewController.swift; sourceTree = "<group>"; };
		D87D8EAC23DD53E4002868C6 /* Base */ = {isa = PBXFileReference; lastKnownFileType = file.storyboard; name = Base; path = Base.lproj/Main.storyboard; sourceTree = "<group>"; };
		D87D8EAF23DD53E4002868C6 /* PlistTextapp.xcdatamodel */ = {isa = PBXFileReference; lastKnownFileType = wrapper.xcdatamodel; path = PlistTextapp.xcdatamodel; sourceTree = "<group>"; };
		D87D8EB123DD53E8002868C6 /* Assets.xcassets */ = {isa = PBXFileReference; lastKnownFileType = folder.assetcatalog; path = Assets.xcassets; sourceTree = "<group>"; };
		D87D8EB423DD53E8002868C6 /* Base */ = {isa = PBXFileReference; lastKnownFileType = file.storyboard; name = Base; path = Base.lproj/LaunchScreen.storyboard; sourceTree = "<group>"; };
		D87D8EB623DD53E8002868C6 /* Info.plist */ = {isa = PBXFileReference; lastKnownFileType = text.plist.xml; path = Info.plist; sourceTree = "<group>"; };
		D87D8EBB23DD53E8002868C6 /* PlistTextappTests.xctest */ = {isa = PBXFileReference; explicitFileType = wrapper.cfbundle; includeInIndex = 0; path = PlistTextappTests.xctest; sourceTree = BUILT_PRODUCTS_DIR; };
		D87D8EBF23DD53E8002868C6 /* PlistTextappTests.swift */ = {isa = PBXFileReference; lastKnownFileType = sourcecode.swift; path = PlistTextappTests.swift; sourceTree = "<group>"; };
		D87D8EC123DD53E8002868C6 /* Info.plist */ = {isa = PBXFileReference; lastKnownFileType = text.plist.xml; path = Info.plist; sourceTree = "<group>"; };
		D87D8EC623DD53E8002868C6 /* PlistTextappUITests.xctest */ = {isa = PBXFileReference; explicitFileType = wrapper.cfbundle; includeInIndex = 0; path = PlistTextappUITests.xctest; sourceTree = BUILT_PRODUCTS_DIR; };
		D87D8ECA23DD53E8002868C6 /* PlistTextappUITests.swift */ = {isa = PBXFileReference; lastKnownFileType = sourcecode.swift; path = PlistTextappUITests.swift; sourceTree = "<group>"; };
		D87D8ECC23DD53E8002868C6 /* Info.plist */ = {isa = PBXFileReference; lastKnownFileType = text.plist.xml; path = Info.plist; sourceTree = "<group>"; };
		D87D8ED823DD546E002868C6 /* mondai.plist */ = {isa = PBXFileReference; fileEncoding = 4; lastKnownFileType = text.plist.xml; name = mondai.plist; path = ../../../../Downloads/mondai.plist; sourceTree = "<group>"; };
		D87D8EDC23DD5893002868C6 /* MondaiPlistCodable.swift */ = {isa = PBXFileReference; lastKnownFileType = sourcecode.swift; path = MondaiPlistCodable.swift; sourceTree = "<group>"; };
/* End PBXFileReference section */

/* Begin PBXFrameworksBuildPhase section */
		D87D8E9F23DD53E4002868C6 /* Frameworks */ = {
			isa = PBXFrameworksBuildPhase;
			buildActionMask = 2147483647;
			files = (
			);
			runOnlyForDeploymentPostprocessing = 0;
		};
		D87D8EB823DD53E8002868C6 /* Frameworks */ = {
			isa = PBXFrameworksBuildPhase;
			buildActionMask = 2147483647;
			files = (
			);
			runOnlyForDeploymentPostprocessing = 0;
		};
		D87D8EC323DD53E8002868C6 /* Frameworks */ = {
			isa = PBXFrameworksBuildPhase;
			buildActionMask = 2147483647;
			files = (
			);
			runOnlyForDeploymentPostprocessing = 0;
		};
/* End PBXFrameworksBuildPhase section */

/* Begin PBXGroup section */
		D87D8E9923DD53E4002868C6 = {
			isa = PBXGroup;
			children = (
				D87D8EA423DD53E4002868C6 /* PlistTextapp */,
				D87D8EBE23DD53E8002868C6 /* PlistTextappTests */,
				D87D8EC923DD53E8002868C6 /* PlistTextappUITests */,
				D87D8EA323DD53E4002868C6 /* Products */,
			);
			sourceTree = "<group>";
		};
		D87D8EA323DD53E4002868C6 /* Products */ = {
			isa = PBXGroup;
			children = (
				D87D8EA223DD53E4002868C6 /* PlistTextapp.app */,
				D87D8EBB23DD53E8002868C6 /* PlistTextappTests.xctest */,
				D87D8EC623DD53E8002868C6 /* PlistTextappUITests.xctest */,
			);
			name = Products;
			sourceTree = "<group>";
		};
		D87D8EA423DD53E4002868C6 /* PlistTextapp */ = {
			isa = PBXGroup;
			children = (
				D87D8EA523DD53E4002868C6 /* AppDelegate.swift */,
				D87D8EA723DD53E4002868C6 /* SceneDelegate.swift */,
				D87D8EA923DD53E4002868C6 /* ViewController.swift */,
				D87D8EDC23DD5893002868C6 /* MondaiPlistCodable.swift */,
				D87D8EAB23DD53E4002868C6 /* Main.storyboard */,
				D87D8EB123DD53E8002868C6 /* Assets.xcassets */,
				D87D8EB323DD53E8002868C6 /* LaunchScreen.storyboard */,
				D87D8EB623DD53E8002868C6 /* Info.plist */,
				D87D8ED823DD546E002868C6 /* mondai.plist */,
				D87D8EAE23DD53E4002868C6 /* PlistTextapp.xcdatamodeld */,
			);
			path = PlistTextapp;
			sourceTree = "<group>";
		};
		D87D8EBE23DD53E8002868C6 /* PlistTextappTests */ = {
			isa = PBXGroup;
			children = (
				D87D8EBF23DD53E8002868C6 /* PlistTextappTests.swift */,
				D87D8EC123DD53E8002868C6 /* Info.plist */,
			);
			path = PlistTextappTests;
			sourceTree = "<group>";
		};
		D87D8EC923DD53E8002868C6 /* PlistTextappUITests */ = {
			isa = PBXGroup;
			children = (
				D87D8ECA23DD53E8002868C6 /* PlistTextappUITests.swift */,
				D87D8ECC23DD53E8002868C6 /* Info.plist */,
			);
			path = PlistTextappUITests;
			sourceTree = "<group>";
		};
/* End PBXGroup section */

/* Begin PBXNativeTarget section */
		D87D8EA123DD53E4002868C6 /* PlistTextapp */ = {
			isa = PBXNativeTarget;
			buildConfigurationList = D87D8ECF23DD53E8002868C6 /* Build configuration list for PBXNativeTarget "PlistTextapp" */;
			buildPhases = (
				D87D8E9E23DD53E4002868C6 /* Sources */,
				D87D8E9F23DD53E4002868C6 /* Frameworks */,
				D87D8EA023DD53E4002868C6 /* Resources */,
			);
			buildRules = (
			);
			dependencies = (
			);
			name = PlistTextapp;
			productName = PlistTextapp;
			productReference = D87D8EA223DD53E4002868C6 /* PlistTextapp.app */;
			productType = "com.apple.product-type.application";
		};
		D87D8EBA23DD53E8002868C6 /* PlistTextappTests */ = {
			isa = PBXNativeTarget;
			buildConfigurationList = D87D8ED223DD53E8002868C6 /* Build configuration list for PBXNativeTarget "PlistTextappTests" */;
			buildPhases = (
				D87D8EB723DD53E8002868C6 /* Sources */,
				D87D8EB823DD53E8002868C6 /* Frameworks */,
				D87D8EB923DD53E8002868C6 /* Resources */,
			);
			buildRules = (
			);
			dependencies = (
				D87D8EBD23DD53E8002868C6 /* PBXTargetDependency */,
			);
			name = PlistTextappTests;
			productName = PlistTextappTests;
			productReference = D87D8EBB23DD53E8002868C6 /* PlistTextappTests.xctest */;
			productType = "com.apple.product-type.bundle.unit-test";
		};
		D87D8EC523DD53E8002868C6 /* PlistTextappUITests */ = {
			isa = PBXNativeTarget;
			buildConfigurationList = D87D8ED523DD53E8002868C6 /* Build configuration list for PBXNativeTarget "PlistTextappUITests" */;
			buildPhases = (
				D87D8EC223DD53E8002868C6 /* Sources */,
				D87D8EC323DD53E8002868C6 /* Frameworks */,
				D87D8EC423DD53E8002868C6 /* Resources */,
			);
			buildRules = (
			);
			dependencies = (
				D87D8EC823DD53E8002868C6 /* PBXTargetDependency */,
			);
			name = PlistTextappUITests;
			productName = PlistTextappUITests;
			productReference = D87D8EC623DD53E8002868C6 /* PlistTextappUITests.xctest */;
			productType = "com.apple.product-type.bundle.ui-testing";
		};
/* End PBXNativeTarget section */

/* Begin PBXProject section */
		D87D8E9A23DD53E4002868C6 /* Project object */ = {
			isa = PBXProject;
			attributes = {
				LastSwiftUpdateCheck = 1130;
				LastUpgradeCheck = 1130;
				ORGANIZATIONNAME = "高橋直也";
				TargetAttributes = {
					D87D8EA123DD53E4002868C6 = {
						CreatedOnToolsVersion = 11.3;
					};
					D87D8EBA23DD53E8002868C6 = {
						CreatedOnToolsVersion = 11.3;
						TestTargetID = D87D8EA123DD53E4002868C6;
					};
					D87D8EC523DD53E8002868C6 = {
						CreatedOnToolsVersion = 11.3;
						TestTargetID = D87D8EA123DD53E4002868C6;
					};
				};
			};
			buildConfigurationList = D87D8E9D23DD53E4002868C6 /* Build configuration list for PBXProject "PlistTextapp" */;
			compatibilityVersion = "Xcode 9.3";
			developmentRegion = en;
			hasScannedForEncodings = 0;
			knownRegions = (
				en,
				Base,
			);
			mainGroup = D87D8E9923DD53E4002868C6;
			productRefGroup = D87D8EA323DD53E4002868C6 /* Products */;
			projectDirPath = "";
			projectRoot = "";
			targets = (
				D87D8EA123DD53E4002868C6 /* PlistTextapp */,
				D87D8EBA23DD53E8002868C6 /* PlistTextappTests */,
				D87D8EC523DD53E8002868C6 /* PlistTextappUITests */,
			);
		};
/* End PBXProject section */

/* Begin PBXResourcesBuildPhase section */
		D87D8EA023DD53E4002868C6 /* Resources */ = {
			isa = PBXResourcesBuildPhase;
			buildActionMask = 2147483647;
			files = (
				D87D8EB523DD53E8002868C6 /* LaunchScreen.storyboard in Resources */,
				D87D8EB223DD53E8002868C6 /* Assets.xcassets in Resources */,
				D87D8ED923DD546E002868C6 /* mondai.plist in Resources */,
				D87D8EAD23DD53E4002868C6 /* Main.storyboard in Resources */,
			);
			runOnlyForDeploymentPostprocessing = 0;
		};
		D87D8EB923DD53E8002868C6 /* Resources */ = {
			isa = PBXResourcesBuildPhase;
			buildActionMask = 2147483647;
			files = (
			);
			runOnlyForDeploymentPostprocessing = 0;
		};
		D87D8EC423DD53E8002868C6 /* Resources */ = {
			isa = PBXResourcesBuildPhase;
			buildActionMask = 2147483647;
			files = (
			);
			runOnlyForDeploymentPostprocessing = 0;
		};
/* End PBXResourcesBuildPhase section */

/* Begin PBXSourcesBuildPhase section */
		D87D8E9E23DD53E4002868C6 /* Sources */ = {
			isa = PBXSourcesBuildPhase;
			buildActionMask = 2147483647;
			files = (
				D87D8EDD23DD5893002868C6 /* MondaiPlistCodable.swift in Sources */,
				D87D8EAA23DD53E4002868C6 /* ViewController.swift in Sources */,
				D87D8EA623DD53E4002868C6 /* AppDelegate.swift in Sources */,
				D87D8EA823DD53E4002868C6 /* SceneDelegate.swift in Sources */,
				D87D8EB023DD53E4002868C6 /* PlistTextapp.xcdatamodeld in Sources */,
			);
			runOnlyForDeploymentPostprocessing = 0;
		};
		D87D8EB723DD53E8002868C6 /* Sources */ = {
			isa = PBXSourcesBuildPhase;
			buildActionMask = 2147483647;
			files = (
				D87D8EC023DD53E8002868C6 /* PlistTextappTests.swift in Sources */,
			);
			runOnlyForDeploymentPostprocessing = 0;
		};
		D87D8EC223DD53E8002868C6 /* Sources */ = {
			isa = PBXSourcesBuildPhase;
			buildActionMask = 2147483647;
			files = (
				D87D8ECB23DD53E8002868C6 /* PlistTextappUITests.swift in Sources */,
			);
			runOnlyForDeploymentPostprocessing = 0;
		};
/* End PBXSourcesBuildPhase section */

/* Begin PBXTargetDependency section */
		D87D8EBD23DD53E8002868C6 /* PBXTargetDependency */ = {
			isa = PBXTargetDependency;
			target = D87D8EA123DD53E4002868C6 /* PlistTextapp */;
			targetProxy = D87D8EBC23DD53E8002868C6 /* PBXContainerItemProxy */;
		};
		D87D8EC823DD53E8002868C6 /* PBXTargetDependency */ = {
			isa = PBXTargetDependency;
			target = D87D8EA123DD53E4002868C6 /* PlistTextapp */;
			targetProxy = D87D8EC723DD53E8002868C6 /* PBXContainerItemProxy */;
		};
/* End PBXTargetDependency section */

/* Begin PBXVariantGroup section */
		D87D8EAB23DD53E4002868C6 /* Main.storyboard */ = {
			isa = PBXVariantGroup;
			children = (
				D87D8EAC23DD53E4002868C6 /* Base */,
			);
			name = Main.storyboard;
			sourceTree = "<group>";
		};
		D87D8EB323DD53E8002868C6 /* LaunchScreen.storyboard */ = {
			isa = PBXVariantGroup;
			children = (
				D87D8EB423DD53E8002868C6 /* Base */,
			);
			name = LaunchScreen.storyboard;
			sourceTree = "<group>";
		};
/* End PBXVariantGroup section */

/* Begin XCBuildConfiguration section */
		D87D8ECD23DD53E8002868C6 /* Debug */ = {
			isa = XCBuildConfiguration;
			buildSettings = {
				ALWAYS_SEARCH_USER_PATHS = NO;
				CLANG_ANALYZER_NONNULL = YES;
				CLANG_ANALYZER_NUMBER_OBJECT_CONVERSION = YES_AGGRESSIVE;
				CLANG_CXX_LANGUAGE_STANDARD = "gnu++14";
				CLANG_CXX_LIBRARY = "libc++";
				CLANG_ENABLE_MODULES = YES;
				CLANG_ENABLE_OBJC_ARC = YES;
				CLANG_ENABLE_OBJC_WEAK = YES;
				CLANG_WARN_BLOCK_CAPTURE_AUTORELEASING = YES;
				CLANG_WARN_BOOL_CONVERSION = YES;
				CLANG_WARN_COMMA = YES;
				CLANG_WARN_CONSTANT_CONVERSION = YES;
				CLANG_WARN_DEPRECATED_OBJC_IMPLEMENTATIONS = YES;
				CLANG_WARN_DIRECT_OBJC_ISA_USAGE = YES_ERROR;
				CLANG_WARN_DOCUMENTATION_COMMENTS = YES;
				CLANG_WARN_EMPTY_BODY = YES;
				CLANG_WARN_ENUM_CONVERSION = YES;
				CLANG_WARN_INFINITE_RECURSION = YES;
				CLANG_WARN_INT_CONVERSION = YES;
				CLANG_WARN_NON_LITERAL_NULL_CONVERSION = YES;
				CLANG_WARN_OBJC_IMPLICIT_RETAIN_SELF = YES;
				CLANG_WARN_OBJC_LITERAL_CONVERSION = YES;
				CLANG_WARN_OBJC_ROOT_CLASS = YES_ERROR;
				CLANG_WARN_RANGE_LOOP_ANALYSIS = YES;
				CLANG_WARN_STRICT_PROTOTYPES = YES;
				CLANG_WARN_SUSPICIOUS_MOVE = YES;
				CLANG_WARN_UNGUARDED_AVAILABILITY = YES_AGGRESSIVE;
				CLANG_WARN_UNREACHABLE_CODE = YES;
				CLANG_WARN__DUPLICATE_METHOD_MATCH = YES;
				COPY_PHASE_STRIP = NO;
				DEBUG_INFORMATION_FORMAT = dwarf;
				ENABLE_STRICT_OBJC_MSGSEND = YES;
				ENABLE_TESTABILITY = YES;
				GCC_C_LANGUAGE_STANDARD = gnu11;
				GCC_DYNAMIC_NO_PIC = NO;
				GCC_NO_COMMON_BLOCKS = YES;
				GCC_OPTIMIZATION_LEVEL = 0;
				GCC_PREPROCESSOR_DEFINITIONS = (
					"DEBUG=1",
					"$(inherited)",
				);
				GCC_WARN_64_TO_32_BIT_CONVERSION = YES;
				GCC_WARN_ABOUT_RETURN_TYPE = YES_ERROR;
				GCC_WARN_UNDECLARED_SELECTOR = YES;
				GCC_WARN_UNINITIALIZED_AUTOS = YES_AGGRESSIVE;
				GCC_WARN_UNUSED_FUNCTION = YES;
				GCC_WARN_UNUSED_VARIABLE = YES;
				IPHONEOS_DEPLOYMENT_TARGET = 13.2;
				MTL_ENABLE_DEBUG_INFO = INCLUDE_SOURCE;
				MTL_FAST_MATH = YES;
				ONLY_ACTIVE_ARCH = YES;
				SDKROOT = iphoneos;
				SWIFT_ACTIVE_COMPILATION_CONDITIONS = DEBUG;
				SWIFT_OPTIMIZATION_LEVEL = "-Onone";
			};
			name = Debug;
		};
		D87D8ECE23DD53E8002868C6 /* Release */ = {
			isa = XCBuildConfiguration;
			buildSettings = {
				ALWAYS_SEARCH_USER_PATHS = NO;
				CLANG_ANALYZER_NONNULL = YES;
				CLANG_ANALYZER_NUMBER_OBJECT_CONVERSION = YES_AGGRESSIVE;
				CLANG_CXX_LANGUAGE_STANDARD = "gnu++14";
				CLANG_CXX_LIBRARY = "libc++";
				CLANG_ENABLE_MODULES = YES;
				CLANG_ENABLE_OBJC_ARC = YES;
				CLANG_ENABLE_OBJC_WEAK = YES;
				CLANG_WARN_BLOCK_CAPTURE_AUTORELEASING = YES;
				CLANG_WARN_BOOL_CONVERSION = YES;
				CLANG_WARN_COMMA = YES;
				CLANG_WARN_CONSTANT_CONVERSION = YES;
				CLANG_WARN_DEPRECATED_OBJC_IMPLEMENTATIONS = YES;
				CLANG_WARN_DIRECT_OBJC_ISA_USAGE = YES_ERROR;
				CLANG_WARN_DOCUMENTATION_COMMENTS = YES;
				CLANG_WARN_EMPTY_BODY = YES;
				CLANG_WARN_ENUM_CONVERSION = YES;
				CLANG_WARN_INFINITE_RECURSION = YES;
				CLANG_WARN_INT_CONVERSION = YES;
				CLANG_WARN_NON_LITERAL_NULL_CONVERSION = YES;
				CLANG_WARN_OBJC_IMPLICIT_RETAIN_SELF = YES;
				CLANG_WARN_OBJC_LITERAL_CONVERSION = YES;
				CLANG_WARN_OBJC_ROOT_CLASS = YES_ERROR;
				CLANG_WARN_RANGE_LOOP_ANALYSIS = YES;
				CLANG_WARN_STRICT_PROTOTYPES = YES;
				CLANG_WARN_SUSPICIOUS_MOVE = YES;
				CLANG_WARN_UNGUARDED_AVAILABILITY = YES_AGGRESSIVE;
				CLANG_WARN_UNREACHABLE_CODE = YES;
				CLANG_WARN__DUPLICATE_METHOD_MATCH = YES;
				COPY_PHASE_STRIP = NO;
				DEBUG_INFORMATION_FORMAT = "dwarf-with-dsym";
				ENABLE_NS_ASSERTIONS = NO;
				ENABLE_STRICT_OBJC_MSGSEND = YES;
				GCC_C_LANGUAGE_STANDARD = gnu11;
				GCC_NO_COMMON_BLOCKS = YES;
				GCC_WARN_64_TO_32_BIT_CONVERSION = YES;
				GCC_WARN_ABOUT_RETURN_TYPE = YES_ERROR;
				GCC_WARN_UNDECLARED_SELECTOR = YES;
				GCC_WARN_UNINITIALIZED_AUTOS = YES_AGGRESSIVE;
				GCC_WARN_UNUSED_FUNCTION = YES;
				GCC_WARN_UNUSED_VARIABLE = YES;
				IPHONEOS_DEPLOYMENT_TARGET = 13.2;
				MTL_ENABLE_DEBUG_INFO = NO;
				MTL_FAST_MATH = YES;
				SDKROOT = iphoneos;
				SWIFT_COMPILATION_MODE = wholemodule;
				SWIFT_OPTIMIZATION_LEVEL = "-O";
				VALIDATE_PRODUCT = YES;
			};
			name = Release;
		};
		D87D8ED023DD53E8002868C6 /* Debug */ = {
			isa = XCBuildConfiguration;
			buildSettings = {
				ASSETCATALOG_COMPILER_APPICON_NAME = AppIcon;
				CODE_SIGN_STYLE = Automatic;
				DEVELOPMENT_TEAM = 8295QBUX49;
				INFOPLIST_FILE = PlistTextapp/Info.plist;
				LD_RUNPATH_SEARCH_PATHS = (
					"$(inherited)",
					"@executable_path/Frameworks",
				);
				PRODUCT_BUNDLE_IDENTIFIER = com..PlistTextapp;
				PRODUCT_NAME = "$(TARGET_NAME)";
				SWIFT_VERSION = 5.0;
				TARGETED_DEVICE_FAMILY = "1,2";
			};
			name = Debug;
		};
		D87D8ED123DD53E8002868C6 /* Release */ = {
			isa = XCBuildConfiguration;
			buildSettings = {
				ASSETCATALOG_COMPILER_APPICON_NAME = AppIcon;
				CODE_SIGN_STYLE = Automatic;
				DEVELOPMENT_TEAM = 8295QBUX49;
				INFOPLIST_FILE = PlistTextapp/Info.plist;
				LD_RUNPATH_SEARCH_PATHS = (
					"$(inherited)",
					"@executable_path/Frameworks",
				);
				PRODUCT_BUNDLE_IDENTIFIER = com..PlistTextapp;
				PRODUCT_NAME = "$(TARGET_NAME)";
				SWIFT_VERSION = 5.0;
				TARGETED_DEVICE_FAMILY = "1,2";
			};
			name = Release;
		};
		D87D8ED323DD53E8002868C6 /* Debug */ = {
			isa = XCBuildConfiguration;
			buildSettings = {
				ALWAYS_EMBED_SWIFT_STANDARD_LIBRARIES = YES;
				BUNDLE_LOADER = "$(TEST_HOST)";
				CODE_SIGN_STYLE = Automatic;
				DEVELOPMENT_TEAM = 8295QBUX49;
				INFOPLIST_FILE = PlistTextappTests/Info.plist;
				IPHONEOS_DEPLOYMENT_TARGET = 13.2;
				LD_RUNPATH_SEARCH_PATHS = (
					"$(inherited)",
					"@executable_path/Frameworks",
					"@loader_path/Frameworks",
				);
				PRODUCT_BUNDLE_IDENTIFIER = com..PlistTextappTests;
				PRODUCT_NAME = "$(TARGET_NAME)";
				SWIFT_VERSION = 5.0;
				TARGETED_DEVICE_FAMILY = "1,2";
				TEST_HOST = "$(BUILT_PRODUCTS_DIR)/PlistTextapp.app/PlistTextapp";
			};
			name = Debug;
		};
		D87D8ED423DD53E8002868C6 /* Release */ = {
			isa = XCBuildConfiguration;
			buildSettings = {
				ALWAYS_EMBED_SWIFT_STANDARD_LIBRARIES = YES;
				BUNDLE_LOADER = "$(TEST_HOST)";
				CODE_SIGN_STYLE = Automatic;
				DEVELOPMENT_TEAM = 8295QBUX49;
				INFOPLIST_FILE = PlistTextappTests/Info.plist;
				IPHONEOS_DEPLOYMENT_TARGET = 13.2;
				LD_RUNPATH_SEARCH_PATHS = (
					"$(inherited)",
					"@executable_path/Frameworks",
					"@loader_path/Frameworks",
				);
				PRODUCT_BUNDLE_IDENTIFIER = com..PlistTextappTests;
				PRODUCT_NAME = "$(TARGET_NAME)";
				SWIFT_VERSION = 5.0;
				TARGETED_DEVICE_FAMILY = "1,2";
				TEST_HOST = "$(BUILT_PRODUCTS_DIR)/PlistTextapp.app/PlistTextapp";
			};
			name = Release;
		};
		D87D8ED623DD53E8002868C6 /* Debug */ = {
			isa = XCBuildConfiguration;
			buildSettings = {
				ALWAYS_EMBED_SWIFT_STANDARD_LIBRARIES = YES;
				CODE_SIGN_STYLE = Automatic;
				DEVELOPMENT_TEAM = 8295QBUX49;
				INFOPLIST_FILE = PlistTextappUITests/Info.plist;
				LD_RUNPATH_SEARCH_PATHS = (
					"$(inherited)",
					"@executable_path/Frameworks",
					"@loader_path/Frameworks",
				);
				PRODUCT_BUNDLE_IDENTIFIER = com..PlistTextappUITests;
				PRODUCT_NAME = "$(TARGET_NAME)";
				SWIFT_VERSION = 5.0;
				TARGETED_DEVICE_FAMILY = "1,2";
				TEST_TARGET_NAME = PlistTextapp;
			};
			name = Debug;
		};
		D87D8ED723DD53E8002868C6 /* Release */ = {
			isa = XCBuildConfiguration;
			buildSettings = {
				ALWAYS_EMBED_SWIFT_STANDARD_LIBRARIES = YES;
				CODE_SIGN_STYLE = Automatic;
				DEVELOPMENT_TEAM = 8295QBUX49;
				INFOPLIST_FILE = PlistTextappUITests/Info.plist;
				LD_RUNPATH_SEARCH_PATHS = (
					"$(inherited)",
					"@executable_path/Frameworks",
					"@loader_path/Frameworks",
				);
				PRODUCT_BUNDLE_IDENTIFIER = com..PlistTextappUITests;
				PRODUCT_NAME = "$(TARGET_NAME)";
				SWIFT_VERSION = 5.0;
				TARGETED_DEVICE_FAMILY = "1,2";
				TEST_TARGET_NAME = PlistTextapp;
			};
			name = Release;
		};
/* End XCBuildConfiguration section */

/* Begin XCConfigurationList section */
		D87D8E9D23DD53E4002868C6 /* Build configuration list for PBXProject "PlistTextapp" */ = {
			isa = XCConfigurationList;
			buildConfigurations = (
				D87D8ECD23DD53E8002868C6 /* Debug */,
				D87D8ECE23DD53E8002868C6 /* Release */,
			);
			defaultConfigurationIsVisible = 0;
			defaultConfigurationName = Release;
		};
		D87D8ECF23DD53E8002868C6 /* Build configuration list for PBXNativeTarget "PlistTextapp" */ = {
			isa = XCConfigurationList;
			buildConfigurations = (
				D87D8ED023DD53E8002868C6 /* Debug */,
				D87D8ED123DD53E8002868C6 /* Release */,
			);
			defaultConfigurationIsVisible = 0;
			defaultConfigurationName = Release;
		};
		D87D8ED223DD53E8002868C6 /* Build configuration list for PBXNativeTarget "PlistTextappTests" */ = {
			isa = XCConfigurationList;
			buildConfigurations = (
				D87D8ED323DD53E8002868C6 /* Debug */,
				D87D8ED423DD53E8002868C6 /* Release */,
			);
			defaultConfigurationIsVisible = 0;
			defaultConfigurationName = Release;
		};
		D87D8ED523DD53E8002868C6 /* Build configuration list for PBXNativeTarget "PlistTextappUITests" */ = {
			isa = XCConfigurationList;
			buildConfigurations = (
				D87D8ED623DD53E8002868C6 /* Debug */,
				D87D8ED723DD53E8002868C6 /* Release */,
			);
			defaultConfigurationIsVisible = 0;
			defaultConfigurationName = Release;
		};
/* End XCConfigurationList section */

/* Begin XCVersionGroup section */
		D87D8EAE23DD53E4002868C6 /* PlistTextapp.xcdatamodeld */ = {
			isa = XCVersionGroup;
			children = (
				D87D8EAF23DD53E4002868C6 /* PlistTextapp.xcdatamodel */,
			);
			currentVersion = D87D8EAF23DD53E4002868C6 /* PlistTextapp.xcdatamodel */;
			path = PlistTextapp.xcdatamodeld;
			sourceTree = "<group>";
			versionGroupType = wrapper.xcdatamodel;
		};
/* End XCVersionGroup section */
	};
	rootObject = D87D8E9A23DD53E4002868C6 /* Project object */;
}
